{
  "pins" : [
    {
      "identity" : "bigint",
      "kind" : "remoteSourceControl",
      "location" : "https://github.com/attaswift/BigInt.git",
      "state" : {
        "revision" : "0ed110f7555c34ff468e72e1686e59721f2b0da6",
        "version" : "5.3.0"
      }
    },
    {
      "identity" : "cryptoswift",
      "kind" : "remoteSourceControl",
      "location" : "https://github.com/krzyzanowskim/CryptoSwift.git",
      "state" : {
        "revision" : "039f56c5d7960f277087a0be51f5eb04ed0ec073",
        "version" : "1.5.1"
      }
    },
    {
      "identity" : "goiapi1",
      "kind" : "remoteSourceControl",
      "location" : "https://github.com/thuanchung85/GoiAPI1.git",
      "state" : {
        "branch" : "main",
        "revision" : "8b904444612117983ecfea632a0fa6eebe8f8d04"
      }
    },
    {
      "identity" : "goiapi2",
      "kind" : "remoteSourceControl",
      "location" : "https://github.com/thuanchung85/GoiAPI2.git",
      "state" : {
        "branch" : "main",
        "revision" : "f54eaf6b025b3203a570e958e231245e9b2dd366"
      }
    },
    {
      "identity" : "goiapi3",
      "kind" : "remoteSourceControl",
      "location" : "https://github.com/thuanchung85/GoiAPI3.git",
      "state" : {
        "branch" : "main",
        "revision" : "570d17cb6b8d64dc5bb1138a8396b4ccc7641a87"
      }
    },
    {
      "identity" : "goiapi4",
      "kind" : "remoteSourceControl",
      "location" : "https://github.com/thuanchung85/GoiAPI4.git",
      "state" : {
        "branch" : "main",
        "revision" : "1678ea111b874434c2c68906774d15bfe064f216"
      }
    },
    {
      "identity" : "goiapi5",
      "kind" : "remoteSourceControl",
      "location" : "https://github.com/thuanchung85/GoiAPI5.git",
      "state" : {
        "branch" : "main",
        "revision" : "7a15d5df6a9b5982de8e63a26d1bad0085a00b9d"
      }
    },
    {
      "identity" : "web3swift",
      "kind" : "remoteSourceControl",
      "location" : "https://github.com/web3swift-team/web3swift.git",
      "state" : {
        "revision" : "74c24f4d3d5f1816616e9ebd16741ca5f7a57eb0",
        "version" : "3.2.0"
      }
    }
  ],
  "version" : 2
}
